
Microsoft Visual Studio Solution File, Format Version 12.00
# Visual Studio Version 17
VisualStudioVersion = 17.9.34728.123
MinimumVisualStudioVersion = 10.0.40219.1
Project("{9A19103F-16F7-4668-BE54-9A1E7A4F7556}") = "Assignment4V3", "Assignment4V3\Assignment4V3.csproj", "{51AF1371-EE52-4C21-8814-24B0B9828587}"
EndProject
Project("{9A19103F-16F7-4668-BE54-9A1E7A4F7556}") = "FrontDeskApp", "FrontDeskApp\FrontDeskApp.csproj", "{5D726B2B-9778-4EB2-B3D3-47D65CC15B8B}"
EndProject
Project("{FAE04EC0-301F-11D3-BF4B-00C04F79EFBC}") = "Staffapp", "Staffapp\Staffapp.csproj", "{2A1DD136-FEEA-4070-A169-C7C02CC2E9E3}"
EndProject
Global
	GlobalSection(SolutionConfigurationPlatforms) = preSolution
		Debug|Any CPU = Debug|Any CPU
		Release|Any CPU = Release|Any CPU
	EndGlobalSection
	GlobalSection(ProjectConfigurationPlatforms) = postSolution
		{51AF1371-EE52-4C21-8814-24B0B9828587}.Debug|Any CPU.ActiveCfg = Debug|Any CPU
		{51AF1371-EE52-4C21-8814-24B0B9828587}.Debug|Any CPU.Build.0 = Debug|Any CPU
		{51AF1371-EE52-4C21-8814-24B0B9828587}.Release|Any CPU.ActiveCfg = Release|Any CPU
		{51AF1371-EE52-4C21-8814-24B0B9828587}.Release|Any CPU.Build.0 = Release|Any CPU
		{5D726B2B-9778-4EB2-B3D3-47D65CC15B8B}.Debug|Any CPU.ActiveCfg = Debug|Any CPU
		{5D726B2B-9778-4EB2-B3D3-47D65CC15B8B}.Debug|Any CPU.Build.0 = Debug|Any CPU
		{5D726B2B-9778-4EB2-B3D3-47D65CC15B8B}.Release|Any CPU.ActiveCfg = Release|Any CPU
		{5D726B2B-9778-4EB2-B3D3-47D65CC15B8B}.Release|Any CPU.Build.0 = Release|Any CPU
		{2A1DD136-FEEA-4070-A169-C7C02CC2E9E3}.Debug|Any CPU.ActiveCfg = Debug|Any CPU
		{2A1DD136-FEEA-4070-A169-C7C02CC2E9E3}.Debug|Any CPU.Build.0 = Debug|Any CPU
		{2A1DD136-FEEA-4070-A169-C7C02CC2E9E3}.Release|Any CPU.ActiveCfg = Release|Any CPU
		{2A1DD136-FEEA-4070-A169-C7C02CC2E9E3}.Release|Any CPU.Build.0 = Release|Any CPU
	EndGlobalSection
	GlobalSection(SolutionProperties) = preSolution
		HideSolutionNode = FALSE
	EndGlobalSection
	GlobalSection(ExtensibilityGlobals) = postSolution
		SolutionGuid = {DEA16F78-B9EC-40A1-B6BF-E58D03228468}
	EndGlobalSection
EndGlobal
